github.com/pelletier/go-toml v1.9.1 h1:a6qW1EVNZWH9WGI6CsYdD8WAylkoXBS5yv0XHlh17Tc=
github.com/pelletier/go-toml v1.9.1/go.mod h1:u1nR/EPcESfeI/szUZKdtJ0xRNbUoANCkoOuaOx1Y+c=
github.com/rur/treetop v0.4.0-rc.2 h1:GU8DUc0t1V0AvOeMFHfUcLL7wgmhHekarRJ3EBgdW+M=
github.com/rur/treetop v0.4.0-rc.2/go.mod h1:VFCQmta7OnTIcJaz6RbkXKK5MDLTtLZpJcVxF1lzkMs=
